
Microsoft Visual Studio Solution File, Format Version 12.00
# Visual Studio Version 16
VisualStudioVersion = 16.0.30717.126
MinimumVisualStudioVersion = 10.0.40219.1
Project("{FAE04EC0-301F-11D3-BF4B-00C04F79EFBC}") = "shapath", "shapath.csproj", "{956461EE-1987-4BAE-B504-A11D46DF857F}"
EndProject
Global
	GlobalSection(SolutionConfigurationPlatforms) = preSolution
		Debug|Any CPU = Debug|Any CPU
		Release|Any CPU = Release|Any CPU
	EndGlobalSection
	GlobalSection(ProjectConfigurationPlatforms) = postSolution
		{956461EE-1987-4BAE-B504-A11D46DF857F}.Debug|Any CPU.ActiveCfg = Debug|Any CPU
		{956461EE-1987-4BAE-B504-A11D46DF857F}.Debug|Any CPU.Build.0 = Debug|Any CPU
		{956461EE-1987-4BAE-B504-A11D46DF857F}.Release|Any CPU.ActiveCfg = Release|Any CPU
		{956461EE-1987-4BAE-B504-A11D46DF857F}.Release|Any CPU.Build.0 = Release|Any CPU
	EndGlobalSection
	GlobalSection(SolutionProperties) = preSolution
		HideSolutionNode = FALSE
	EndGlobalSection
	GlobalSection(ExtensibilityGlobals) = postSolution
		SolutionGuid = {2B3B7D04-D613-4909-9944-4033AB7F8A52}
	EndGlobalSection
EndGlobal
